// !$*UTF8*$!
{
	archiveVersion = 1;
	classes = {
	};
	objectVersion = 56;
	objects = {

/* Begin PBXBuildFile section */
		56C478A62DFE2143001E91B4 /* HocusFocusApp.swift in Sources */ = {isa = PBXBuildFile; fileRef = 56C478A52DFE2143001E91B4 /* HocusFocusApp.swift */; };
		56C478A82DFE2143001E91B4 /* TimerView.swift in Sources */ = {isa = PBXBuildFile; fileRef = 56C478A72DFE2143001E91B4 /* TimerView.swift */; };
		56C478AA2DFE2146001E91B4 /* Assets.xcassets in Resources */ = {isa = PBXBuildFile; fileRef = 56C478A92DFE2146001E91B4 /* Assets.xcassets */; };
		56C478AD2DFE2146001E91B4 /* Preview Assets.xcassets in Resources */ = {isa = PBXBuildFile; fileRef = 56C478AC2DFE2146001E91B4 /* Preview Assets.xcassets */; };
		56C478B72DFE2146001E91B4 /* HocusFocusTests.swift in Sources */ = {isa = PBXBuildFile; fileRef = 56C478B62DFE2146001E91B4 /* HocusFocusTests.swift */; };
		56C478C12DFE2146001E91B4 /* HocusFocusUITests.swift in Sources */ = {isa = PBXBuildFile; fileRef = 56C478C02DFE2146001E91B4 /* HocusFocusUITests.swift */; };
		56C478C32DFE2146001E91B4 /* HocusFocusUITestsLaunchTests.swift in Sources */ = {isa = PBXBuildFile; fileRef = 56C478C22DFE2146001E91B4 /* HocusFocusUITestsLaunchTests.swift */; };
		56C478D22DFE62E5001E91B4 /* FocusTimerEngine.cpp in Sources */ = {isa = PBXBuildFile; fileRef = 56C478D02DFE62E5001E91B4 /* FocusTimerEngine.cpp */; };
/* End PBXBuildFile section */

/* Begin PBXContainerItemProxy section */
		56C478B32DFE2146001E91B4 /* PBXContainerItemProxy */ = {
			isa = PBXContainerItemProxy;
			containerPortal = 56C4789A2DFE2143001E91B4 /* Project object */;
			proxyType = 1;
			remoteGlobalIDString = 56C478A12DFE2143001E91B4;
			remoteInfo = HocusFocus;
		};
		56C478BD2DFE2146001E91B4 /* PBXContainerItemProxy */ = {
			isa = PBXContainerItemProxy;
			containerPortal = 56C4789A2DFE2143001E91B4 /* Project object */;
			proxyType = 1;
			remoteGlobalIDString = 56C478A12DFE2143001E91B4;
			remoteInfo = HocusFocus;
		};
/* End PBXContainerItemProxy section */

/* Begin PBXFileReference section */
		56C478A22DFE2143001E91B4 /* HocusFocus.app */ = {isa = PBXFileReference; explicitFileType = wrapper.application; includeInIndex = 0; path = HocusFocus.app; sourceTree = BUILT_PRODUCTS_DIR; };
		56C478A52DFE2143001E91B4 /* HocusFocusApp.swift */ = {isa = PBXFileReference; lastKnownFileType = sourcecode.swift; path = HocusFocusApp.swift; sourceTree = "<group>"; };
		56C478A72DFE2143001E91B4 /* TimerView.swift */ = {isa = PBXFileReference; lastKnownFileType = sourcecode.swift; path = TimerView.swift; sourceTree = "<group>"; };
		56C478A92DFE2146001E91B4 /* Assets.xcassets */ = {isa = PBXFileReference; lastKnownFileType = folder.assetcatalog; path = Assets.xcassets; sourceTree = "<group>"; };
		56C478AC2DFE2146001E91B4 /* Preview Assets.xcassets */ = {isa = PBXFileReference; lastKnownFileType = folder.assetcatalog; path = "Preview Assets.xcassets"; sourceTree = "<group>"; };
		56C478B22DFE2146001E91B4 /* HocusFocusTests.xctest */ = {isa = PBXFileReference; explicitFileType = wrapper.cfbundle; includeInIndex = 0; path = HocusFocusTests.xctest; sourceTree = BUILT_PRODUCTS_DIR; };
		56C478B62DFE2146001E91B4 /* HocusFocusTests.swift */ = {isa = PBXFileReference; lastKnownFileType = sourcecode.swift; path = HocusFocusTests.swift; sourceTree = "<group>"; };
		56C478BC2DFE2146001E91B4 /* HocusFocusUITests.xctest */ = {isa = PBXFileReference; explicitFileType = wrapper.cfbundle; includeInIndex = 0; path = HocusFocusUITests.xctest; sourceTree = BUILT_PRODUCTS_DIR; };
		56C478C02DFE2146001E91B4 /* HocusFocusUITests.swift */ = {isa = PBXFileReference; lastKnownFileType = sourcecode.swift; path = HocusFocusUITests.swift; sourceTree = "<group>"; };
		56C478C22DFE2146001E91B4 /* HocusFocusUITestsLaunchTests.swift */ = {isa = PBXFileReference; lastKnownFileType = sourcecode.swift; path = HocusFocusUITestsLaunchTests.swift; sourceTree = "<group>"; };
		56C478CF2DFE62E5001E91B4 /* HocusFocus-Bridging-Header.h */ = {isa = PBXFileReference; lastKnownFileType = sourcecode.c.h; path = "HocusFocus-Bridging-Header.h"; sourceTree = "<group>"; };
		56C478D02DFE62E5001E91B4 /* FocusTimerEngine.cpp */ = {isa = PBXFileReference; lastKnownFileType = sourcecode.cpp.cpp; path = FocusTimerEngine.cpp; sourceTree = "<group>"; };
		56C478D12DFE62E5001E91B4 /* FocusTimerEngine.hpp */ = {isa = PBXFileReference; lastKnownFileType = sourcecode.cpp.h; path = FocusTimerEngine.hpp; sourceTree = "<group>"; };
/* End PBXFileReference section */

/* Begin PBXFrameworksBuildPhase section */
		56C4789F2DFE2143001E91B4 /* Frameworks */ = {
			isa = PBXFrameworksBuildPhase;
			buildActionMask = 2147483647;
			files = (
			);
			runOnlyForDeploymentPostprocessing = 0;
		};
		56C478AF2DFE2146001E91B4 /* Frameworks */ = {
			isa = PBXFrameworksBuildPhase;
			buildActionMask = 2147483647;
			files = (
			);
			runOnlyForDeploymentPostprocessing = 0;
		};
		56C478B92DFE2146001E91B4 /* Frameworks */ = {
			isa = PBXFrameworksBuildPhase;
			buildActionMask = 2147483647;
			files = (
			);
			runOnlyForDeploymentPostprocessing = 0;
		};
/* End PBXFrameworksBuildPhase section */

/* Begin PBXGroup section */
		56C478992DFE2143001E91B4 = {
			isa = PBXGroup;
			children = (
				56C478A42DFE2143001E91B4 /* HocusFocus */,
				56C478B52DFE2146001E91B4 /* HocusFocusTests */,
				56C478BF2DFE2146001E91B4 /* HocusFocusUITests */,
				56C478A32DFE2143001E91B4 /* Products */,
			);
			sourceTree = "<group>";
		};
		56C478A32DFE2143001E91B4 /* Products */ = {
			isa = PBXGroup;
			children = (
				56C478A22DFE2143001E91B4 /* HocusFocus.app */,
				56C478B22DFE2146001E91B4 /* HocusFocusTests.xctest */,
				56C478BC2DFE2146001E91B4 /* HocusFocusUITests.xctest */,
			);
			name = Products;
			sourceTree = "<group>";
		};
		56C478A42DFE2143001E91B4 /* HocusFocus */ = {
			isa = PBXGroup;
			children = (
				56C478A52DFE2143001E91B4 /* HocusFocusApp.swift */,
				56C478A72DFE2143001E91B4 /* TimerView.swift */,
				56C478A92DFE2146001E91B4 /* Assets.xcassets */,
				56C478AB2DFE2146001E91B4 /* Preview Content */,
				56C478D02DFE62E5001E91B4 /* FocusTimerEngine.cpp */,
				56C478D12DFE62E5001E91B4 /* FocusTimerEngine.hpp */,
				56C478CF2DFE62E5001E91B4 /* HocusFocus-Bridging-Header.h */,
			);
			path = HocusFocus;
			sourceTree = "<group>";
		};
		56C478AB2DFE2146001E91B4 /* Preview Content */ = {
			isa = PBXGroup;
			children = (
				56C478AC2DFE2146001E91B4 /* Preview Assets.xcassets */,
			);
			path = "Preview Content";
			sourceTree = "<group>";
		};
		56C478B52DFE2146001E91B4 /* HocusFocusTests */ = {
			isa = PBXGroup;
			children = (
				56C478B62DFE2146001E91B4 /* HocusFocusTests.swift */,
			);
			path = HocusFocusTests;
			sourceTree = "<group>";
		};
		56C478BF2DFE2146001E91B4 /* HocusFocusUITests */ = {
			isa = PBXGroup;
			children = (
				56C478C02DFE2146001E91B4 /* HocusFocusUITests.swift */,
				56C478C22DFE2146001E91B4 /* HocusFocusUITestsLaunchTests.swift */,
			);
			path = HocusFocusUITests;
			sourceTree = "<group>";
		};
/* End PBXGroup section */

/* Begin PBXNativeTarget section */
		56C478A12DFE2143001E91B4 /* HocusFocus */ = {
			isa = PBXNativeTarget;
			buildConfigurationList = 56C478C62DFE2146001E91B4 /* Build configuration list for PBXNativeTarget "HocusFocus" */;
			buildPhases = (
				56C4789E2DFE2143001E91B4 /* Sources */,
				56C4789F2DFE2143001E91B4 /* Frameworks */,
				56C478A02DFE2143001E91B4 /* Resources */,
			);
			buildRules = (
			);
			dependencies = (
			);
			name = HocusFocus;
			productName = HocusFocus;
			productReference = 56C478A22DFE2143001E91B4 /* HocusFocus.app */;
			productType = "com.apple.product-type.application";
		};
		56C478B12DFE2146001E91B4 /* HocusFocusTests */ = {
			isa = PBXNativeTarget;
			buildConfigurationList = 56C478C92DFE2146001E91B4 /* Build configuration list for PBXNativeTarget "HocusFocusTests" */;
			buildPhases = (
				56C478AE2DFE2146001E91B4 /* Sources */,
				56C478AF2DFE2146001E91B4 /* Frameworks */,
				56C478B02DFE2146001E91B4 /* Resources */,
			);
			buildRules = (
			);
			dependencies = (
				56C478B42DFE2146001E91B4 /* PBXTargetDependency */,
			);
			name = HocusFocusTests;
			productName = HocusFocusTests;
			productReference = 56C478B22DFE2146001E91B4 /* HocusFocusTests.xctest */;
			productType = "com.apple.product-type.bundle.unit-test";
		};
		56C478BB2DFE2146001E91B4 /* HocusFocusUITests */ = {
			isa = PBXNativeTarget;
			buildConfigurationList = 56C478CC2DFE2146001E91B4 /* Build configuration list for PBXNativeTarget "HocusFocusUITests" */;
			buildPhases = (
				56C478B82DFE2146001E91B4 /* Sources */,
				56C478B92DFE2146001E91B4 /* Frameworks */,
				56C478BA2DFE2146001E91B4 /* Resources */,
			);
			buildRules = (
			);
			dependencies = (
				56C478BE2DFE2146001E91B4 /* PBXTargetDependency */,
			);
			name = HocusFocusUITests;
			productName = HocusFocusUITests;
			productReference = 56C478BC2DFE2146001E91B4 /* HocusFocusUITests.xctest */;
			productType = "com.apple.product-type.bundle.ui-testing";
		};
/* End PBXNativeTarget section */

/* Begin PBXProject section */
		56C4789A2DFE2143001E91B4 /* Project object */ = {
			isa = PBXProject;
			attributes = {
				BuildIndependentTargetsInParallel = 1;
				LastSwiftUpdateCheck = 1540;
				LastUpgradeCheck = 1540;
				TargetAttributes = {
					56C478A12DFE2143001E91B4 = {
						CreatedOnToolsVersion = 15.4;
						LastSwiftMigration = 1540;
					};
					56C478B12DFE2146001E91B4 = {
						CreatedOnToolsVersion = 15.4;
						TestTargetID = 56C478A12DFE2143001E91B4;
					};
					56C478BB2DFE2146001E91B4 = {
						CreatedOnToolsVersion = 15.4;
						TestTargetID = 56C478A12DFE2143001E91B4;
					};
				};
			};
			buildConfigurationList = 56C4789D2DFE2143001E91B4 /* Build configuration list for PBXProject "HocusFocus" */;
			compatibilityVersion = "Xcode 14.0";
			developmentRegion = en;
			hasScannedForEncodings = 0;
			knownRegions = (
				en,
				Base,
			);
			mainGroup = 56C478992DFE2143001E91B4;
			productRefGroup = 56C478A32DFE2143001E91B4 /* Products */;
			projectDirPath = "";
			projectRoot = "";
			targets = (
				56C478A12DFE2143001E91B4 /* HocusFocus */,
				56C478B12DFE2146001E91B4 /* HocusFocusTests */,
				56C478BB2DFE2146001E91B4 /* HocusFocusUITests */,
			);
		};
/* End PBXProject section */

/* Begin PBXResourcesBuildPhase section */
		56C478A02DFE2143001E91B4 /* Resources */ = {
			isa = PBXResourcesBuildPhase;
			buildActionMask = 2147483647;
			files = (
				56C478AD2DFE2146001E91B4 /* Preview Assets.xcassets in Resources */,
				56C478AA2DFE2146001E91B4 /* Assets.xcassets in Resources */,
			);
			runOnlyForDeploymentPostprocessing = 0;
		};
		56C478B02DFE2146001E91B4 /* Resources */ = {
			isa = PBXResourcesBuildPhase;
			buildActionMask = 2147483647;
			files = (
			);
			runOnlyForDeploymentPostprocessing = 0;
		};
		56C478BA2DFE2146001E91B4 /* Resources */ = {
			isa = PBXResourcesBuildPhase;
			buildActionMask = 2147483647;
			files = (
			);
			runOnlyForDeploymentPostprocessing = 0;
		};
/* End PBXResourcesBuildPhase section */

/* Begin PBXSourcesBuildPhase section */
		56C4789E2DFE2143001E91B4 /* Sources */ = {
			isa = PBXSourcesBuildPhase;
			buildActionMask = 2147483647;
			files = (
				56C478A82DFE2143001E91B4 /* TimerView.swift in Sources */,
				56C478A62DFE2143001E91B4 /* HocusFocusApp.swift in Sources */,
				56C478D22DFE62E5001E91B4 /* FocusTimerEngine.cpp in Sources */,
			);
			runOnlyForDeploymentPostprocessing = 0;
		};
		56C478AE2DFE2146001E91B4 /* Sources */ = {
			isa = PBXSourcesBuildPhase;
			buildActionMask = 2147483647;
			files = (
				56C478B72DFE2146001E91B4 /* HocusFocusTests.swift in Sources */,
			);
			runOnlyForDeploymentPostprocessing = 0;
		};
		56C478B82DFE2146001E91B4 /* Sources */ = {
			isa = PBXSourcesBuildPhase;
			buildActionMask = 2147483647;
			files = (
				56C478C32DFE2146001E91B4 /* HocusFocusUITestsLaunchTests.swift in Sources */,
				56C478C12DFE2146001E91B4 /* HocusFocusUITests.swift in Sources */,
			);
			runOnlyForDeploymentPostprocessing = 0;
		};
/* End PBXSourcesBuildPhase section */

/* Begin PBXTargetDependency section */
		56C478B42DFE2146001E91B4 /* PBXTargetDependency */ = {
			isa = PBXTargetDependency;
			target = 56C478A12DFE2143001E91B4 /* HocusFocus */;
			targetProxy = 56C478B32DFE2146001E91B4 /* PBXContainerItemProxy */;
		};
		56C478BE2DFE2146001E91B4 /* PBXTargetDependency */ = {
			isa = PBXTargetDependency;
			target = 56C478A12DFE2143001E91B4 /* HocusFocus */;
			targetProxy = 56C478BD2DFE2146001E91B4 /* PBXContainerItemProxy */;
		};
/* End PBXTargetDependency section */

/* Begin XCBuildConfiguration section */
		56C478C42DFE2146001E91B4 /* Debug */ = {
			isa = XCBuildConfiguration;
			buildSettings = {
				ALWAYS_SEARCH_USER_PATHS = NO;
				ASSETCATALOG_COMPILER_GENERATE_SWIFT_ASSET_SYMBOL_EXTENSIONS = YES;
				CLANG_ANALYZER_NONNULL = YES;
				CLANG_ANALYZER_NUMBER_OBJECT_CONVERSION = YES_AGGRESSIVE;
				CLANG_CXX_LANGUAGE_STANDARD = "gnu++20";
				CLANG_ENABLE_MODULES = YES;
				CLANG_ENABLE_OBJC_ARC = YES;
				CLANG_ENABLE_OBJC_WEAK = YES;
				CLANG_WARN_BLOCK_CAPTURE_AUTORELEASING = YES;
				CLANG_WARN_BOOL_CONVERSION = YES;
				CLANG_WARN_COMMA = YES;
				CLANG_WARN_CONSTANT_CONVERSION = YES;
				CLANG_WARN_DEPRECATED_OBJC_IMPLEMENTATIONS = YES;
				CLANG_WARN_DIRECT_OBJC_ISA_USAGE = YES_ERROR;
				CLANG_WARN_DOCUMENTATION_COMMENTS = YES;
				CLANG_WARN_EMPTY_BODY = YES;
				CLANG_WARN_ENUM_CONVERSION = YES;
				CLANG_WARN_INFINITE_RECURSION = YES;
				CLANG_WARN_INT_CONVERSION = YES;
				CLANG_WARN_NON_LITERAL_NULL_CONVERSION = YES;
				CLANG_WARN_OBJC_IMPLICIT_RETAIN_SELF = YES;
				CLANG_WARN_OBJC_LITERAL_CONVERSION = YES;
				CLANG_WARN_OBJC_ROOT_CLASS = YES_ERROR;
				CLANG_WARN_QUOTED_INCLUDE_IN_FRAMEWORK_HEADER = YES;
				CLANG_WARN_RANGE_LOOP_ANALYSIS = YES;
				CLANG_WARN_STRICT_PROTOTYPES = YES;
				CLANG_WARN_SUSPICIOUS_MOVE = YES;
				CLANG_WARN_UNGUARDED_AVAILABILITY = YES_AGGRESSIVE;
				CLANG_WARN_UNREACHABLE_CODE = YES;
				CLANG_WARN__DUPLICATE_METHOD_MATCH = YES;
				COPY_PHASE_STRIP = NO;
				DEBUG_INFORMATION_FORMAT = dwarf;
				ENABLE_STRICT_OBJC_MSGSEND = YES;
				ENABLE_TESTABILITY = YES;
				ENABLE_USER_SCRIPT_SANDBOXING = YES;
				GCC_C_LANGUAGE_STANDARD = gnu17;
				GCC_DYNAMIC_NO_PIC = NO;
				GCC_NO_COMMON_BLOCKS = YES;
				GCC_OPTIMIZATION_LEVEL = 0;
				GCC_PREPROCESSOR_DEFINITIONS = (
					"DEBUG=1",
					"$(inherited)",
				);
				GCC_WARN_64_TO_32_BIT_CONVERSION = YES;
				GCC_WARN_ABOUT_RETURN_TYPE = YES_ERROR;
				GCC_WARN_UNDECLARED_SELECTOR = YES;
				GCC_WARN_UNINITIALIZED_AUTOS = YES_AGGRESSIVE;
				GCC_WARN_UNUSED_FUNCTION = YES;
				GCC_WARN_UNUSED_VARIABLE = YES;
				IPHONEOS_DEPLOYMENT_TARGET = 17.5;
				LOCALIZATION_PREFERS_STRING_CATALOGS = YES;
				MTL_ENABLE_DEBUG_INFO = INCLUDE_SOURCE;
				MTL_FAST_MATH = YES;
				ONLY_ACTIVE_ARCH = YES;
				SDKROOT = iphoneos;
				SWIFT_ACTIVE_COMPILATION_CONDITIONS = "DEBUG $(inherited)";
				SWIFT_OPTIMIZATION_LEVEL = "-Onone";
			};
			name = Debug;
		};
		56C478C52DFE2146001E91B4 /* Release */ = {
			isa = XCBuildConfiguration;
			buildSettings = {
				ALWAYS_SEARCH_USER_PATHS = NO;
				ASSETCATALOG_COMPILER_GENERATE_SWIFT_ASSET_SYMBOL_EXTENSIONS = YES;
				CLANG_ANALYZER_NONNULL = YES;
				CLANG_ANALYZER_NUMBER_OBJECT_CONVERSION = YES_AGGRESSIVE;
				CLANG_CXX_LANGUAGE_STANDARD = "gnu++20";
				CLANG_ENABLE_MODULES = YES;
				CLANG_ENABLE_OBJC_ARC = YES;
				CLANG_ENABLE_OBJC_WEAK = YES;
				CLANG_WARN_BLOCK_CAPTURE_AUTORELEASING = YES;
				CLANG_WARN_BOOL_CONVERSION = YES;
				CLANG_WARN_COMMA = YES;
				CLANG_WARN_CONSTANT_CONVERSION = YES;
				CLANG_WARN_DEPRECATED_OBJC_IMPLEMENTATIONS = YES;
				CLANG_WARN_DIRECT_OBJC_ISA_USAGE = YES_ERROR;
				CLANG_WARN_DOCUMENTATION_COMMENTS = YES;
				CLANG_WARN_EMPTY_BODY = YES;
				CLANG_WARN_ENUM_CONVERSION = YES;
				CLANG_WARN_INFINITE_RECURSION = YES;
				CLANG_WARN_INT_CONVERSION = YES;
				CLANG_WARN_NON_LITERAL_NULL_CONVERSION = YES;
				CLANG_WARN_OBJC_IMPLICIT_RETAIN_SELF = YES;
				CLANG_WARN_OBJC_LITERAL_CONVERSION = YES;
				CLANG_WARN_OBJC_ROOT_CLASS = YES_ERROR;
				CLANG_WARN_QUOTED_INCLUDE_IN_FRAMEWORK_HEADER = YES;
				CLANG_WARN_RANGE_LOOP_ANALYSIS = YES;
				CLANG_WARN_STRICT_PROTOTYPES = YES;
				CLANG_WARN_SUSPICIOUS_MOVE = YES;
				CLANG_WARN_UNGUARDED_AVAILABILITY = YES_AGGRESSIVE;
				CLANG_WARN_UNREACHABLE_CODE = YES;
				CLANG_WARN__DUPLICATE_METHOD_MATCH = YES;
				COPY_PHASE_STRIP = NO;
				DEBUG_INFORMATION_FORMAT = "dwarf-with-dsym";
				ENABLE_NS_ASSERTIONS = NO;
				ENABLE_STRICT_OBJC_MSGSEND = YES;
				ENABLE_USER_SCRIPT_SANDBOXING = YES;
				GCC_C_LANGUAGE_STANDARD = gnu17;
				GCC_NO_COMMON_BLOCKS = YES;
				GCC_WARN_64_TO_32_BIT_CONVERSION = YES;
				GCC_WARN_ABOUT_RETURN_TYPE = YES_ERROR;
				GCC_WARN_UNDECLARED_SELECTOR = YES;
				GCC_WARN_UNINITIALIZED_AUTOS = YES_AGGRESSIVE;
				GCC_WARN_UNUSED_FUNCTION = YES;
				GCC_WARN_UNUSED_VARIABLE = YES;
				IPHONEOS_DEPLOYMENT_TARGET = 17.5;
				LOCALIZATION_PREFERS_STRING_CATALOGS = YES;
				MTL_ENABLE_DEBUG_INFO = NO;
				MTL_FAST_MATH = YES;
				SDKROOT = iphoneos;
				SWIFT_COMPILATION_MODE = wholemodule;
				VALIDATE_PRODUCT = YES;
			};
			name = Release;
		};
		56C478C72DFE2146001E91B4 /* Debug */ = {
			isa = XCBuildConfiguration;
			buildSettings = {
				ASSETCATALOG_COMPILER_APPICON_NAME = AppIcon;
				ASSETCATALOG_COMPILER_GLOBAL_ACCENT_COLOR_NAME = AccentColor;
				CLANG_ENABLE_MODULES = YES;
				CODE_SIGN_STYLE = Automatic;
				CURRENT_PROJECT_VERSION = 1;
				DEVELOPMENT_ASSET_PATHS = "\"HocusFocus/Preview Content\"";
				DEVELOPMENT_TEAM = NJU23KJ3RY;
				ENABLE_PREVIEWS = YES;
				GENERATE_INFOPLIST_FILE = YES;
				INFOPLIST_KEY_UIApplicationSceneManifest_Generation = YES;
				INFOPLIST_KEY_UIApplicationSupportsIndirectInputEvents = YES;
				INFOPLIST_KEY_UILaunchScreen_Generation = YES;
				INFOPLIST_KEY_UISupportedInterfaceOrientations_iPad = "UIInterfaceOrientationPortrait UIInterfaceOrientationPortraitUpsideDown UIInterfaceOrientationLandscapeLeft UIInterfaceOrientationLandscapeRight";
				INFOPLIST_KEY_UISupportedInterfaceOrientations_iPhone = "UIInterfaceOrientationPortrait UIInterfaceOrientationLandscapeLeft UIInterfaceOrientationLandscapeRight";
				LD_RUNPATH_SEARCH_PATHS = (
					"$(inherited)",
					"@executable_path/Frameworks",
				);
				MARKETING_VERSION = 1.0;
				PRODUCT_BUNDLE_IDENTIFIER = "Valerie-Williams.HocusFocus";
				PRODUCT_NAME = "$(TARGET_NAME)";
				SWIFT_EMIT_LOC_STRINGS = YES;
				SWIFT_OBJC_BRIDGING_HEADER = "HocusFocus/HocusFocus-Bridging-Header.h";
				SWIFT_OPTIMIZATION_LEVEL = "-Onone";
				SWIFT_VERSION = 5.0;
				TARGETED_DEVICE_FAMILY = "1,2";
			};
			name = Debug;
		};
		56C478C82DFE2146001E91B4 /* Release */ = {
			isa = XCBuildConfiguration;
			buildSettings = {
				ASSETCATALOG_COMPILER_APPICON_NAME = AppIcon;
				ASSETCATALOG_COMPILER_GLOBAL_ACCENT_COLOR_NAME = AccentColor;
				CLANG_ENABLE_MODULES = YES;
				CODE_SIGN_STYLE = Automatic;
				CURRENT_PROJECT_VERSION = 1;
				DEVELOPMENT_ASSET_PATHS = "\"HocusFocus/Preview Content\"";
				DEVELOPMENT_TEAM = NJU23KJ3RY;
				ENABLE_PREVIEWS = YES;
				GENERATE_INFOPLIST_FILE = YES;
				INFOPLIST_KEY_UIApplicationSceneManifest_Generation = YES;
				INFOPLIST_KEY_UIApplicationSupportsIndirectInputEvents = YES;
				INFOPLIST_KEY_UILaunchScreen_Generation = YES;
				INFOPLIST_KEY_UISupportedInterfaceOrientations_iPad = "UIInterfaceOrientationPortrait UIInterfaceOrientationPortraitUpsideDown UIInterfaceOrientationLandscapeLeft UIInterfaceOrientationLandscapeRight";
				INFOPLIST_KEY_UISupportedInterfaceOrientations_iPhone = "UIInterfaceOrientationPortrait UIInterfaceOrientationLandscapeLeft UIInterfaceOrientationLandscapeRight";
				LD_RUNPATH_SEARCH_PATHS = (
					"$(inherited)",
					"@executable_path/Frameworks",
				);
				MARKETING_VERSION = 1.0;
				PRODUCT_BUNDLE_IDENTIFIER = "Valerie-Williams.HocusFocus";
				PRODUCT_NAME = "$(TARGET_NAME)";
				SWIFT_EMIT_LOC_STRINGS = YES;
				SWIFT_OBJC_BRIDGING_HEADER = "HocusFocus/HocusFocus-Bridging-Header.h";
				SWIFT_VERSION = 5.0;
				TARGETED_DEVICE_FAMILY = "1,2";
			};
			name = Release;
		};
		56C478CA2DFE2146001E91B4 /* Debug */ = {
			isa = XCBuildConfiguration;
			buildSettings = {
				ALWAYS_EMBED_SWIFT_STANDARD_LIBRARIES = YES;
				BUNDLE_LOADER = "$(TEST_HOST)";
				CODE_SIGN_STYLE = Automatic;
				CURRENT_PROJECT_VERSION = 1;
				DEVELOPMENT_TEAM = NJU23KJ3RY;
				GENERATE_INFOPLIST_FILE = YES;
				IPHONEOS_DEPLOYMENT_TARGET = 17.5;
				MARKETING_VERSION = 1.0;
				PRODUCT_BUNDLE_IDENTIFIER = "Valerie-Williams.HocusFocusTests";
				PRODUCT_NAME = "$(TARGET_NAME)";
				SWIFT_EMIT_LOC_STRINGS = NO;
				SWIFT_VERSION = 5.0;
				TARGETED_DEVICE_FAMILY = "1,2";
				TEST_HOST = "$(BUILT_PRODUCTS_DIR)/HocusFocus.app/$(BUNDLE_EXECUTABLE_FOLDER_PATH)/HocusFocus";
			};
			name = Debug;
		};
		56C478CB2DFE2146001E91B4 /* Release */ = {
			isa = XCBuildConfiguration;
			buildSettings = {
				ALWAYS_EMBED_SWIFT_STANDARD_LIBRARIES = YES;
				BUNDLE_LOADER = "$(TEST_HOST)";
				CODE_SIGN_STYLE = Automatic;
				CURRENT_PROJECT_VERSION = 1;
				DEVELOPMENT_TEAM = NJU23KJ3RY;
				GENERATE_INFOPLIST_FILE = YES;
				IPHONEOS_DEPLOYMENT_TARGET = 17.5;
				MARKETING_VERSION = 1.0;
				PRODUCT_BUNDLE_IDENTIFIER = "Valerie-Williams.HocusFocusTests";
				PRODUCT_NAME = "$(TARGET_NAME)";
				SWIFT_EMIT_LOC_STRINGS = NO;
				SWIFT_VERSION = 5.0;
				TARGETED_DEVICE_FAMILY = "1,2";
				TEST_HOST = "$(BUILT_PRODUCTS_DIR)/HocusFocus.app/$(BUNDLE_EXECUTABLE_FOLDER_PATH)/HocusFocus";
			};
			name = Release;
		};
		56C478CD2DFE2146001E91B4 /* Debug */ = {
			isa = XCBuildConfiguration;
			buildSettings = {
				ALWAYS_EMBED_SWIFT_STANDARD_LIBRARIES = YES;
				CODE_SIGN_STYLE = Automatic;
				CURRENT_PROJECT_VERSION = 1;
				DEVELOPMENT_TEAM = NJU23KJ3RY;
				GENERATE_INFOPLIST_FILE = YES;
				MARKETING_VERSION = 1.0;
				PRODUCT_BUNDLE_IDENTIFIER = "Valerie-Williams.HocusFocusUITests";
				PRODUCT_NAME = "$(TARGET_NAME)";
				SWIFT_EMIT_LOC_STRINGS = NO;
				SWIFT_VERSION = 5.0;
				TARGETED_DEVICE_FAMILY = "1,2";
				TEST_TARGET_NAME = HocusFocus;
			};
			name = Debug;
		};
		56C478CE2DFE2146001E91B4 /* Release */ = {
			isa = XCBuildConfiguration;
			buildSettings = {
				ALWAYS_EMBED_SWIFT_STANDARD_LIBRARIES = YES;
				CODE_SIGN_STYLE = Automatic;
				CURRENT_PROJECT_VERSION = 1;
				DEVELOPMENT_TEAM = NJU23KJ3RY;
				GENERATE_INFOPLIST_FILE = YES;
				MARKETING_VERSION = 1.0;
				PRODUCT_BUNDLE_IDENTIFIER = "Valerie-Williams.HocusFocusUITests";
				PRODUCT_NAME = "$(TARGET_NAME)";
				SWIFT_EMIT_LOC_STRINGS = NO;
				SWIFT_VERSION = 5.0;
				TARGETED_DEVICE_FAMILY = "1,2";
				TEST_TARGET_NAME = HocusFocus;
			};
			name = Release;
		};
/* End XCBuildConfiguration section */

/* Begin XCConfigurationList section */
		56C4789D2DFE2143001E91B4 /* Build configuration list for PBXProject "HocusFocus" */ = {
			isa = XCConfigurationList;
			buildConfigurations = (
				56C478C42DFE2146001E91B4 /* Debug */,
				56C478C52DFE2146001E91B4 /* Release */,
			);
			defaultConfigurationIsVisible = 0;
			defaultConfigurationName = Release;
		};
		56C478C62DFE2146001E91B4 /* Build configuration list for PBXNativeTarget "HocusFocus" */ = {
			isa = XCConfigurationList;
			buildConfigurations = (
				56C478C72DFE2146001E91B4 /* Debug */,
				56C478C82DFE2146001E91B4 /* Release */,
			);
			defaultConfigurationIsVisible = 0;
			defaultConfigurationName = Release;
		};
		56C478C92DFE2146001E91B4 /* Build configuration list for PBXNativeTarget "HocusFocusTests" */ = {
			isa = XCConfigurationList;
			buildConfigurations = (
				56C478CA2DFE2146001E91B4 /* Debug */,
				56C478CB2DFE2146001E91B4 /* Release */,
			);
			defaultConfigurationIsVisible = 0;
			defaultConfigurationName = Release;
		};
		56C478CC2DFE2146001E91B4 /* Build configuration list for PBXNativeTarget "HocusFocusUITests" */ = {
			isa = XCConfigurationList;
			buildConfigurations = (
				56C478CD2DFE2146001E91B4 /* Debug */,
				56C478CE2DFE2146001E91B4 /* Release */,
			);
			defaultConfigurationIsVisible = 0;
			defaultConfigurationName = Release;
		};
/* End XCConfigurationList section */
	};
	rootObject = 56C4789A2DFE2143001E91B4 /* Project object */;
}
